{
  "name": "swp",
  "version": "1.0.0",
  "lockfileVersion": 2,
  "requires": true,
  "packages": {
    "": {
      "name": "swp",
      "version": "1.0.0",
      "hasInstallScript": true,
      "license": "MIT",
      "engines": {
        "node": ">=8.0.0",
        "yarn": ">=1.2.0"
      }
    }
  }
}
